
Microsoft Visual Studio Solution File, Format Version 11.00
# Visual Studio 2010
Project("{8BC9CEB8-8B4A-11D0-8D11-00A0C91BC942}") = "cons2014", "cons2014\cons2014.vcxproj", "{C5F8E66D-876A-4DAD-9620-913CC7BBD246}"
EndProject
Global
	GlobalSection(SolutionConfigurationPlatforms) = preSolution
		Debug|Win32 = Debug|Win32
		Release|Win32 = Release|Win32
	EndGlobalSection
	GlobalSection(ProjectConfigurationPlatforms) = postSolution
		{C5F8E66D-876A-4DAD-9620-913CC7BBD246}.Debug|Win32.ActiveCfg = Debug|Win32
		{C5F8E66D-876A-4DAD-9620-913CC7BBD246}.Debug|Win32.Build.0 = Debug|Win32
		{C5F8E66D-876A-4DAD-9620-913CC7BBD246}.Release|Win32.ActiveCfg = Release|Win32
		{C5F8E66D-876A-4DAD-9620-913CC7BBD246}.Release|Win32.Build.0 = Release|Win32
	EndGlobalSection
	GlobalSection(SolutionProperties) = preSolution
		HideSolutionNode = FALSE
	EndGlobalSection
EndGlobal
