
Microsoft Visual Studio Solution File, Format Version 11.00
# Visual Studio 2010
Project("{8BC9CEB8-8B4A-11D0-8D11-00A0C91BC942}") = "g2", "g2\g2.vcxproj", "{9ED0CC34-3961-409D-9E86-E7E4FB83E173}"
EndProject
Global
	GlobalSection(SolutionConfigurationPlatforms) = preSolution
		Debug|Win32 = Debug|Win32
		Release|Win32 = Release|Win32
	EndGlobalSection
	GlobalSection(ProjectConfigurationPlatforms) = postSolution
		{9ED0CC34-3961-409D-9E86-E7E4FB83E173}.Debug|Win32.ActiveCfg = Debug|Win32
		{9ED0CC34-3961-409D-9E86-E7E4FB83E173}.Debug|Win32.Build.0 = Debug|Win32
		{9ED0CC34-3961-409D-9E86-E7E4FB83E173}.Release|Win32.ActiveCfg = Release|Win32
		{9ED0CC34-3961-409D-9E86-E7E4FB83E173}.Release|Win32.Build.0 = Release|Win32
	EndGlobalSection
	GlobalSection(SolutionProperties) = preSolution
		HideSolutionNode = FALSE
	EndGlobalSection
EndGlobal
